{
  "version": 2,
  "dependencies": {
    "net8.0": {
      "SonarAnalyzer.CSharp": {
        "type": "Direct",
        "requested": "[9.6.0.74858, )",
        "resolved": "9.6.0.74858",
        "contentHash": "tBwiOBYcoSyHVUejjz6iH3VOpSFx7gJSuQ3695BQaoqQBcqy0IeRsKAk5FAR4fbm3QLyEM9bimKk1l038TFN2w=="
      }
    }
  }
}